// !$*UTF8*$!
{
	archiveVersion = 1;
	classes = {
	};
	objectVersion = 55;
	objects = {

/* Begin PBXBuildFile section */
		CE32F7DD266FF77600CC41A6 /* AppDelegate.swift in Sources */ = {isa = PBXBuildFile; fileRef = CE32F7DC266FF77600CC41A6 /* AppDelegate.swift */; };
		CE32F7DF266FF77600CC41A6 /* ViewController.swift in Sources */ = {isa = PBXBuildFile; fileRef = CE32F7DE266FF77600CC41A6 /* ViewController.swift */; };
		CE32F7E1266FF77700CC41A6 /* Assets.xcassets in Resources */ = {isa = PBXBuildFile; fileRef = CE32F7E0266FF77700CC41A6 /* Assets.xcassets */; };
		CE32F7E4266FF77700CC41A6 /* Main.storyboard in Resources */ = {isa = PBXBuildFile; fileRef = CE32F7E2266FF77700CC41A6 /* Main.storyboard */; };
		CE32F7EE266FF77800CC41A6 /* SmileTogetherTests.swift in Sources */ = {isa = PBXBuildFile; fileRef = CE32F7ED266FF77800CC41A6 /* SmileTogetherTests.swift */; };
		CE32F7F8266FF77800CC41A6 /* SmileTogetherUITests.swift in Sources */ = {isa = PBXBuildFile; fileRef = CE32F7F7266FF77800CC41A6 /* SmileTogetherUITests.swift */; };
		CE32F808266FFB1C00CC41A6 /* SwiftyJSON in Frameworks */ = {isa = PBXBuildFile; productRef = CE32F807266FFB1C00CC41A6 /* SwiftyJSON */; };
		CE32F80E2670119B00CC41A6 /* NicoUtils.swift in Sources */ = {isa = PBXBuildFile; fileRef = CE32F80D2670119B00CC41A6 /* NicoUtils.swift */; };
		CE32F8112670199E00CC41A6 /* Regex in Frameworks */ = {isa = PBXBuildFile; productRef = CE32F8102670199E00CC41A6 /* Regex */; };
		CE32F8172670213E00CC41A6 /* SubclassedAVPlayerView.swift in Sources */ = {isa = PBXBuildFile; fileRef = CE32F8162670213E00CC41A6 /* SubclassedAVPlayerView.swift */; };
		CE32F81F2670319300CC41A6 /* AppDelegate.swift in Sources */ = {isa = PBXBuildFile; fileRef = CE32F81E2670319300CC41A6 /* AppDelegate.swift */; };
		CE32F8212670319300CC41A6 /* SceneDelegate.swift in Sources */ = {isa = PBXBuildFile; fileRef = CE32F8202670319300CC41A6 /* SceneDelegate.swift */; };
		CE32F8232670319300CC41A6 /* ViewController.swift in Sources */ = {isa = PBXBuildFile; fileRef = CE32F8222670319300CC41A6 /* ViewController.swift */; };
		CE32F8262670319300CC41A6 /* Main.storyboard in Resources */ = {isa = PBXBuildFile; fileRef = CE32F8242670319300CC41A6 /* Main.storyboard */; };
		CE32F8282670319400CC41A6 /* Assets.xcassets in Resources */ = {isa = PBXBuildFile; fileRef = CE32F8272670319400CC41A6 /* Assets.xcassets */; };
		CE32F82B2670319400CC41A6 /* LaunchScreen.storyboard in Resources */ = {isa = PBXBuildFile; fileRef = CE32F8292670319400CC41A6 /* LaunchScreen.storyboard */; };
		CE32F8362670319400CC41A6 /* SmileTogetherMobileTests.swift in Sources */ = {isa = PBXBuildFile; fileRef = CE32F8352670319400CC41A6 /* SmileTogetherMobileTests.swift */; };
		CE32F8402670319500CC41A6 /* SmileTogetherMobileUITests.swift in Sources */ = {isa = PBXBuildFile; fileRef = CE32F83F2670319500CC41A6 /* SmileTogetherMobileUITests.swift */; };
		CE32F84C2670325C00CC41A6 /* SubclassedAVPlayerViewController.swift in Sources */ = {isa = PBXBuildFile; fileRef = CE32F84B2670325C00CC41A6 /* SubclassedAVPlayerViewController.swift */; };
		CE32F84D267032AD00CC41A6 /* NicoUtils.swift in Sources */ = {isa = PBXBuildFile; fileRef = CE32F80D2670119B00CC41A6 /* NicoUtils.swift */; };
		CE32F84F267032DD00CC41A6 /* NicoVideoWatchingActivity.swift in Sources */ = {isa = PBXBuildFile; fileRef = CE32F84E267032DD00CC41A6 /* NicoVideoWatchingActivity.swift */; };
		CE32F850267032DF00CC41A6 /* NicoVideoWatchingActivity.swift in Sources */ = {isa = PBXBuildFile; fileRef = CE32F84E267032DD00CC41A6 /* NicoVideoWatchingActivity.swift */; };
		CE32F8522670330700CC41A6 /* VCProtocol.swift in Sources */ = {isa = PBXBuildFile; fileRef = CE32F8512670330700CC41A6 /* VCProtocol.swift */; };
		CE32F8532670332700CC41A6 /* VCProtocol.swift in Sources */ = {isa = PBXBuildFile; fileRef = CE32F8512670330700CC41A6 /* VCProtocol.swift */; };
		CE32F8552670333E00CC41A6 /* SwiftyJSON in Frameworks */ = {isa = PBXBuildFile; productRef = CE32F8542670333E00CC41A6 /* SwiftyJSON */; };
		CE431D602670400600569539 /* MovieRedirector.swift in Sources */ = {isa = PBXBuildFile; fileRef = CE431D5F2670400600569539 /* MovieRedirector.swift */; };
		CE431D612670400600569539 /* MovieRedirector.swift in Sources */ = {isa = PBXBuildFile; fileRef = CE431D5F2670400600569539 /* MovieRedirector.swift */; };
/* End PBXBuildFile section */

/* Begin PBXContainerItemProxy section */
		CE32F7EA266FF77800CC41A6 /* PBXContainerItemProxy */ = {
			isa = PBXContainerItemProxy;
			containerPortal = CE32F7D1266FF77600CC41A6 /* Project object */;
			proxyType = 1;
			remoteGlobalIDString = CE32F7D8266FF77600CC41A6;
			remoteInfo = SmileTogether;
		};
		CE32F7F4266FF77800CC41A6 /* PBXContainerItemProxy */ = {
			isa = PBXContainerItemProxy;
			containerPortal = CE32F7D1266FF77600CC41A6 /* Project object */;
			proxyType = 1;
			remoteGlobalIDString = CE32F7D8266FF77600CC41A6;
			remoteInfo = SmileTogether;
		};
		CE32F8322670319400CC41A6 /* PBXContainerItemProxy */ = {
			isa = PBXContainerItemProxy;
			containerPortal = CE32F7D1266FF77600CC41A6 /* Project object */;
			proxyType = 1;
			remoteGlobalIDString = CE32F81B2670319300CC41A6;
			remoteInfo = SmileTogetherMobile;
		};
		CE32F83C2670319500CC41A6 /* PBXContainerItemProxy */ = {
			isa = PBXContainerItemProxy;
			containerPortal = CE32F7D1266FF77600CC41A6 /* Project object */;
			proxyType = 1;
			remoteGlobalIDString = CE32F81B2670319300CC41A6;
			remoteInfo = SmileTogetherMobile;
		};
/* End PBXContainerItemProxy section */

/* Begin PBXFileReference section */
		CE32F7D9266FF77600CC41A6 /* SmileTogether.app */ = {isa = PBXFileReference; explicitFileType = wrapper.application; includeInIndex = 0; path = SmileTogether.app; sourceTree = BUILT_PRODUCTS_DIR; };
		CE32F7DC266FF77600CC41A6 /* AppDelegate.swift */ = {isa = PBXFileReference; lastKnownFileType = sourcecode.swift; path = AppDelegate.swift; sourceTree = "<group>"; };
		CE32F7DE266FF77600CC41A6 /* ViewController.swift */ = {isa = PBXFileReference; lastKnownFileType = sourcecode.swift; path = ViewController.swift; sourceTree = "<group>"; };
		CE32F7E0266FF77700CC41A6 /* Assets.xcassets */ = {isa = PBXFileReference; lastKnownFileType = folder.assetcatalog; path = Assets.xcassets; sourceTree = "<group>"; };
		CE32F7E3266FF77700CC41A6 /* Base */ = {isa = PBXFileReference; lastKnownFileType = file.storyboard; name = Base; path = Base.lproj/Main.storyboard; sourceTree = "<group>"; };
		CE32F7E9266FF77800CC41A6 /* SmileTogetherTests.xctest */ = {isa = PBXFileReference; explicitFileType = wrapper.cfbundle; includeInIndex = 0; path = SmileTogetherTests.xctest; sourceTree = BUILT_PRODUCTS_DIR; };
		CE32F7ED266FF77800CC41A6 /* SmileTogetherTests.swift */ = {isa = PBXFileReference; lastKnownFileType = sourcecode.swift; path = SmileTogetherTests.swift; sourceTree = "<group>"; };
		CE32F7F3266FF77800CC41A6 /* SmileTogetherUITests.xctest */ = {isa = PBXFileReference; explicitFileType = wrapper.cfbundle; includeInIndex = 0; path = SmileTogetherUITests.xctest; sourceTree = BUILT_PRODUCTS_DIR; };
		CE32F7F7266FF77800CC41A6 /* SmileTogetherUITests.swift */ = {isa = PBXFileReference; lastKnownFileType = sourcecode.swift; path = SmileTogetherUITests.swift; sourceTree = "<group>"; };
		CE32F80C266FFFA100CC41A6 /* SmileTogether.entitlements */ = {isa = PBXFileReference; lastKnownFileType = text.plist.entitlements; path = SmileTogether.entitlements; sourceTree = "<group>"; };
		CE32F80D2670119B00CC41A6 /* NicoUtils.swift */ = {isa = PBXFileReference; lastKnownFileType = sourcecode.swift; path = NicoUtils.swift; sourceTree = "<group>"; };
		CE32F8162670213E00CC41A6 /* SubclassedAVPlayerView.swift */ = {isa = PBXFileReference; lastKnownFileType = sourcecode.swift; path = SubclassedAVPlayerView.swift; sourceTree = "<group>"; };
		CE32F81C2670319300CC41A6 /* SmileTogetherMobile.app */ = {isa = PBXFileReference; explicitFileType = wrapper.application; includeInIndex = 0; path = SmileTogetherMobile.app; sourceTree = BUILT_PRODUCTS_DIR; };
		CE32F81E2670319300CC41A6 /* AppDelegate.swift */ = {isa = PBXFileReference; lastKnownFileType = sourcecode.swift; path = AppDelegate.swift; sourceTree = "<group>"; };
		CE32F8202670319300CC41A6 /* SceneDelegate.swift */ = {isa = PBXFileReference; lastKnownFileType = sourcecode.swift; path = SceneDelegate.swift; sourceTree = "<group>"; };
		CE32F8222670319300CC41A6 /* ViewController.swift */ = {isa = PBXFileReference; lastKnownFileType = sourcecode.swift; path = ViewController.swift; sourceTree = "<group>"; };
		CE32F8252670319300CC41A6 /* Base */ = {isa = PBXFileReference; lastKnownFileType = file.storyboard; name = Base; path = Base.lproj/Main.storyboard; sourceTree = "<group>"; };
		CE32F8272670319400CC41A6 /* Assets.xcassets */ = {isa = PBXFileReference; lastKnownFileType = folder.assetcatalog; path = Assets.xcassets; sourceTree = "<group>"; };
		CE32F82A2670319400CC41A6 /* Base */ = {isa = PBXFileReference; lastKnownFileType = file.storyboard; name = Base; path = Base.lproj/LaunchScreen.storyboard; sourceTree = "<group>"; };
		CE32F82C2670319400CC41A6 /* Info.plist */ = {isa = PBXFileReference; lastKnownFileType = text.plist.xml; path = Info.plist; sourceTree = "<group>"; };
		CE32F8312670319400CC41A6 /* SmileTogetherMobileTests.xctest */ = {isa = PBXFileReference; explicitFileType = wrapper.cfbundle; includeInIndex = 0; path = SmileTogetherMobileTests.xctest; sourceTree = BUILT_PRODUCTS_DIR; };
		CE32F8352670319400CC41A6 /* SmileTogetherMobileTests.swift */ = {isa = PBXFileReference; lastKnownFileType = sourcecode.swift; path = SmileTogetherMobileTests.swift; sourceTree = "<group>"; };
		CE32F83B2670319500CC41A6 /* SmileTogetherMobileUITests.xctest */ = {isa = PBXFileReference; explicitFileType = wrapper.cfbundle; includeInIndex = 0; path = SmileTogetherMobileUITests.xctest; sourceTree = BUILT_PRODUCTS_DIR; };
		CE32F83F2670319500CC41A6 /* SmileTogetherMobileUITests.swift */ = {isa = PBXFileReference; lastKnownFileType = sourcecode.swift; path = SmileTogetherMobileUITests.swift; sourceTree = "<group>"; };
		CE32F84B2670325C00CC41A6 /* SubclassedAVPlayerViewController.swift */ = {isa = PBXFileReference; lastKnownFileType = sourcecode.swift; path = SubclassedAVPlayerViewController.swift; sourceTree = "<group>"; };
		CE32F84E267032DD00CC41A6 /* NicoVideoWatchingActivity.swift */ = {isa = PBXFileReference; lastKnownFileType = sourcecode.swift; path = NicoVideoWatchingActivity.swift; sourceTree = "<group>"; };
		CE32F8512670330700CC41A6 /* VCProtocol.swift */ = {isa = PBXFileReference; lastKnownFileType = sourcecode.swift; path = VCProtocol.swift; sourceTree = "<group>"; };
		CE431D5F2670400600569539 /* MovieRedirector.swift */ = {isa = PBXFileReference; lastKnownFileType = sourcecode.swift; path = MovieRedirector.swift; sourceTree = "<group>"; };
		CEAF84912670362C00436EA3 /* SmileTogetherMobile.entitlements */ = {isa = PBXFileReference; lastKnownFileType = text.plist.entitlements; path = SmileTogetherMobile.entitlements; sourceTree = "<group>"; };
/* End PBXFileReference section */

/* Begin PBXFrameworksBuildPhase section */
		CE32F7D6266FF77600CC41A6 /* Frameworks */ = {
			isa = PBXFrameworksBuildPhase;
			buildActionMask = 2147483647;
			files = (
				CE32F8112670199E00CC41A6 /* Regex in Frameworks */,
				CE32F808266FFB1C00CC41A6 /* SwiftyJSON in Frameworks */,
			);
			runOnlyForDeploymentPostprocessing = 0;
		};
		CE32F7E6266FF77800CC41A6 /* Frameworks */ = {
			isa = PBXFrameworksBuildPhase;
			buildActionMask = 2147483647;
			files = (
			);
			runOnlyForDeploymentPostprocessing = 0;
		};
		CE32F7F0266FF77800CC41A6 /* Frameworks */ = {
			isa = PBXFrameworksBuildPhase;
			buildActionMask = 2147483647;
			files = (
			);
			runOnlyForDeploymentPostprocessing = 0;
		};
		CE32F8192670319300CC41A6 /* Frameworks */ = {
			isa = PBXFrameworksBuildPhase;
			buildActionMask = 2147483647;
			files = (
				CE32F8552670333E00CC41A6 /* SwiftyJSON in Frameworks */,
			);
			runOnlyForDeploymentPostprocessing = 0;
		};
		CE32F82E2670319400CC41A6 /* Frameworks */ = {
			isa = PBXFrameworksBuildPhase;
			buildActionMask = 2147483647;
			files = (
			);
			runOnlyForDeploymentPostprocessing = 0;
		};
		CE32F8382670319500CC41A6 /* Frameworks */ = {
			isa = PBXFrameworksBuildPhase;
			buildActionMask = 2147483647;
			files = (
			);
			runOnlyForDeploymentPostprocessing = 0;
		};
/* End PBXFrameworksBuildPhase section */

/* Begin PBXGroup section */
		CE32F7D0266FF77600CC41A6 = {
			isa = PBXGroup;
			children = (
				CE32F84A267031A600CC41A6 /* Core */,
				CE32F7DB266FF77600CC41A6 /* SmileTogether */,
				CE32F7EC266FF77800CC41A6 /* SmileTogetherTests */,
				CE32F7F6266FF77800CC41A6 /* SmileTogetherUITests */,
				CE32F81D2670319300CC41A6 /* SmileTogetherMobile */,
				CE32F8342670319400CC41A6 /* SmileTogetherMobileTests */,
				CE32F83E2670319500CC41A6 /* SmileTogetherMobileUITests */,
				CE32F7DA266FF77600CC41A6 /* Products */,
				CE32F806266FFB1C00CC41A6 /* Frameworks */,
			);
			sourceTree = "<group>";
		};
		CE32F7DA266FF77600CC41A6 /* Products */ = {
			isa = PBXGroup;
			children = (
				CE32F7D9266FF77600CC41A6 /* SmileTogether.app */,
				CE32F7E9266FF77800CC41A6 /* SmileTogetherTests.xctest */,
				CE32F7F3266FF77800CC41A6 /* SmileTogetherUITests.xctest */,
				CE32F81C2670319300CC41A6 /* SmileTogetherMobile.app */,
				CE32F8312670319400CC41A6 /* SmileTogetherMobileTests.xctest */,
				CE32F83B2670319500CC41A6 /* SmileTogetherMobileUITests.xctest */,
			);
			name = Products;
			sourceTree = "<group>";
		};
		CE32F7DB266FF77600CC41A6 /* SmileTogether */ = {
			isa = PBXGroup;
			children = (
				CE32F80C266FFFA100CC41A6 /* SmileTogether.entitlements */,
				CE32F7DC266FF77600CC41A6 /* AppDelegate.swift */,
				CE32F7DE266FF77600CC41A6 /* ViewController.swift */,
				CE32F8162670213E00CC41A6 /* SubclassedAVPlayerView.swift */,
				CE32F7E0266FF77700CC41A6 /* Assets.xcassets */,
				CE32F7E2266FF77700CC41A6 /* Main.storyboard */,
			);
			path = SmileTogether;
			sourceTree = "<group>";
		};
		CE32F7EC266FF77800CC41A6 /* SmileTogetherTests */ = {
			isa = PBXGroup;
			children = (
				CE32F7ED266FF77800CC41A6 /* SmileTogetherTests.swift */,
			);
			path = SmileTogetherTests;
			sourceTree = "<group>";
		};
		CE32F7F6266FF77800CC41A6 /* SmileTogetherUITests */ = {
			isa = PBXGroup;
			children = (
				CE32F7F7266FF77800CC41A6 /* SmileTogetherUITests.swift */,
			);
			path = SmileTogetherUITests;
			sourceTree = "<group>";
		};
		CE32F806266FFB1C00CC41A6 /* Frameworks */ = {
			isa = PBXGroup;
			children = (
			);
			name = Frameworks;
			sourceTree = "<group>";
		};
		CE32F81D2670319300CC41A6 /* SmileTogetherMobile */ = {
			isa = PBXGroup;
			children = (
				CEAF84912670362C00436EA3 /* SmileTogetherMobile.entitlements */,
				CE32F81E2670319300CC41A6 /* AppDelegate.swift */,
				CE32F8202670319300CC41A6 /* SceneDelegate.swift */,
				CE32F8222670319300CC41A6 /* ViewController.swift */,
				CE32F84B2670325C00CC41A6 /* SubclassedAVPlayerViewController.swift */,
				CE32F8242670319300CC41A6 /* Main.storyboard */,
				CE32F8272670319400CC41A6 /* Assets.xcassets */,
				CE32F8292670319400CC41A6 /* LaunchScreen.storyboard */,
				CE32F82C2670319400CC41A6 /* Info.plist */,
			);
			path = SmileTogetherMobile;
			sourceTree = "<group>";
		};
		CE32F8342670319400CC41A6 /* SmileTogetherMobileTests */ = {
			isa = PBXGroup;
			children = (
				CE32F8352670319400CC41A6 /* SmileTogetherMobileTests.swift */,
			);
			path = SmileTogetherMobileTests;
			sourceTree = "<group>";
		};
		CE32F83E2670319500CC41A6 /* SmileTogetherMobileUITests */ = {
			isa = PBXGroup;
			children = (
				CE32F83F2670319500CC41A6 /* SmileTogetherMobileUITests.swift */,
			);
			path = SmileTogetherMobileUITests;
			sourceTree = "<group>";
		};
		CE32F84A267031A600CC41A6 /* Core */ = {
			isa = PBXGroup;
			children = (
				CE32F80D2670119B00CC41A6 /* NicoUtils.swift */,
				CE32F84E267032DD00CC41A6 /* NicoVideoWatchingActivity.swift */,
				CE32F8512670330700CC41A6 /* VCProtocol.swift */,
				CE431D5F2670400600569539 /* MovieRedirector.swift */,
			);
			path = Core;
			sourceTree = "<group>";
		};
/* End PBXGroup section */

/* Begin PBXNativeTarget section */
		CE32F7D8266FF77600CC41A6 /* SmileTogether */ = {
			isa = PBXNativeTarget;
			buildConfigurationList = CE32F7FB266FF77800CC41A6 /* Build configuration list for PBXNativeTarget "SmileTogether" */;
			buildPhases = (
				CE32F7D5266FF77600CC41A6 /* Sources */,
				CE32F7D6266FF77600CC41A6 /* Frameworks */,
				CE32F7D7266FF77600CC41A6 /* Resources */,
			);
			buildRules = (
			);
			dependencies = (
			);
			name = SmileTogether;
			packageProductDependencies = (
				CE32F807266FFB1C00CC41A6 /* SwiftyJSON */,
				CE32F8102670199E00CC41A6 /* Regex */,
			);
			productName = SmileTogether;
			productReference = CE32F7D9266FF77600CC41A6 /* SmileTogether.app */;
			productType = "com.apple.product-type.application";
		};
		CE32F7E8266FF77800CC41A6 /* SmileTogetherTests */ = {
			isa = PBXNativeTarget;
			buildConfigurationList = CE32F7FE266FF77800CC41A6 /* Build configuration list for PBXNativeTarget "SmileTogetherTests" */;
			buildPhases = (
				CE32F7E5266FF77800CC41A6 /* Sources */,
				CE32F7E6266FF77800CC41A6 /* Frameworks */,
				CE32F7E7266FF77800CC41A6 /* Resources */,
			);
			buildRules = (
			);
			dependencies = (
				CE32F7EB266FF77800CC41A6 /* PBXTargetDependency */,
			);
			name = SmileTogetherTests;
			productName = SmileTogetherTests;
			productReference = CE32F7E9266FF77800CC41A6 /* SmileTogetherTests.xctest */;
			productType = "com.apple.product-type.bundle.unit-test";
		};
		CE32F7F2266FF77800CC41A6 /* SmileTogetherUITests */ = {
			isa = PBXNativeTarget;
			buildConfigurationList = CE32F801266FF77800CC41A6 /* Build configuration list for PBXNativeTarget "SmileTogetherUITests" */;
			buildPhases = (
				CE32F7EF266FF77800CC41A6 /* Sources */,
				CE32F7F0266FF77800CC41A6 /* Frameworks */,
				CE32F7F1266FF77800CC41A6 /* Resources */,
			);
			buildRules = (
			);
			dependencies = (
				CE32F7F5266FF77800CC41A6 /* PBXTargetDependency */,
			);
			name = SmileTogetherUITests;
			productName = SmileTogetherUITests;
			productReference = CE32F7F3266FF77800CC41A6 /* SmileTogetherUITests.xctest */;
			productType = "com.apple.product-type.bundle.ui-testing";
		};
		CE32F81B2670319300CC41A6 /* SmileTogetherMobile */ = {
			isa = PBXNativeTarget;
			buildConfigurationList = CE32F8412670319500CC41A6 /* Build configuration list for PBXNativeTarget "SmileTogetherMobile" */;
			buildPhases = (
				CE32F8182670319300CC41A6 /* Sources */,
				CE32F8192670319300CC41A6 /* Frameworks */,
				CE32F81A2670319300CC41A6 /* Resources */,
			);
			buildRules = (
			);
			dependencies = (
			);
			name = SmileTogetherMobile;
			packageProductDependencies = (
				CE32F8542670333E00CC41A6 /* SwiftyJSON */,
			);
			productName = SmileTogetherMobile;
			productReference = CE32F81C2670319300CC41A6 /* SmileTogetherMobile.app */;
			productType = "com.apple.product-type.application";
		};
		CE32F8302670319400CC41A6 /* SmileTogetherMobileTests */ = {
			isa = PBXNativeTarget;
			buildConfigurationList = CE32F8442670319500CC41A6 /* Build configuration list for PBXNativeTarget "SmileTogetherMobileTests" */;
			buildPhases = (
				CE32F82D2670319400CC41A6 /* Sources */,
				CE32F82E2670319400CC41A6 /* Frameworks */,
				CE32F82F2670319400CC41A6 /* Resources */,
			);
			buildRules = (
			);
			dependencies = (
				CE32F8332670319400CC41A6 /* PBXTargetDependency */,
			);
			name = SmileTogetherMobileTests;
			productName = SmileTogetherMobileTests;
			productReference = CE32F8312670319400CC41A6 /* SmileTogetherMobileTests.xctest */;
			productType = "com.apple.product-type.bundle.unit-test";
		};
		CE32F83A2670319500CC41A6 /* SmileTogetherMobileUITests */ = {
			isa = PBXNativeTarget;
			buildConfigurationList = CE32F8472670319500CC41A6 /* Build configuration list for PBXNativeTarget "SmileTogetherMobileUITests" */;
			buildPhases = (
				CE32F8372670319500CC41A6 /* Sources */,
				CE32F8382670319500CC41A6 /* Frameworks */,
				CE32F8392670319500CC41A6 /* Resources */,
			);
			buildRules = (
			);
			dependencies = (
				CE32F83D2670319500CC41A6 /* PBXTargetDependency */,
			);
			name = SmileTogetherMobileUITests;
			productName = SmileTogetherMobileUITests;
			productReference = CE32F83B2670319500CC41A6 /* SmileTogetherMobileUITests.xctest */;
			productType = "com.apple.product-type.bundle.ui-testing";
		};
/* End PBXNativeTarget section */

/* Begin PBXProject section */
		CE32F7D1266FF77600CC41A6 /* Project object */ = {
			isa = PBXProject;
			attributes = {
				BuildIndependentTargetsInParallel = 1;
				LastSwiftUpdateCheck = 1300;
				LastUpgradeCheck = 1300;
				TargetAttributes = {
					CE32F7D8266FF77600CC41A6 = {
						CreatedOnToolsVersion = 13.0;
					};
					CE32F7E8266FF77800CC41A6 = {
						CreatedOnToolsVersion = 13.0;
						TestTargetID = CE32F7D8266FF77600CC41A6;
					};
					CE32F7F2266FF77800CC41A6 = {
						CreatedOnToolsVersion = 13.0;
						TestTargetID = CE32F7D8266FF77600CC41A6;
					};
					CE32F81B2670319300CC41A6 = {
						CreatedOnToolsVersion = 13.0;
					};
					CE32F8302670319400CC41A6 = {
						CreatedOnToolsVersion = 13.0;
						TestTargetID = CE32F81B2670319300CC41A6;
					};
					CE32F83A2670319500CC41A6 = {
						CreatedOnToolsVersion = 13.0;
						TestTargetID = CE32F81B2670319300CC41A6;
					};
				};
			};
			buildConfigurationList = CE32F7D4266FF77600CC41A6 /* Build configuration list for PBXProject "SmileTogether" */;
			compatibilityVersion = "Xcode 13.0";
			developmentRegion = en;
			hasScannedForEncodings = 0;
			knownRegions = (
				en,
				Base,
			);
			mainGroup = CE32F7D0266FF77600CC41A6;
			packageReferences = (
				CE32F804266FFA5400CC41A6 /* XCRemoteSwiftPackageReference "SwiftyJSON" */,
				CE32F80F2670199E00CC41A6 /* XCRemoteSwiftPackageReference "Regex" */,
			);
			productRefGroup = CE32F7DA266FF77600CC41A6 /* Products */;
			projectDirPath = "";
			projectRoot = "";
			targets = (
				CE32F7D8266FF77600CC41A6 /* SmileTogether */,
				CE32F7E8266FF77800CC41A6 /* SmileTogetherTests */,
				CE32F7F2266FF77800CC41A6 /* SmileTogetherUITests */,
				CE32F81B2670319300CC41A6 /* SmileTogetherMobile */,
				CE32F8302670319400CC41A6 /* SmileTogetherMobileTests */,
				CE32F83A2670319500CC41A6 /* SmileTogetherMobileUITests */,
			);
		};
/* End PBXProject section */

/* Begin PBXResourcesBuildPhase section */
		CE32F7D7266FF77600CC41A6 /* Resources */ = {
			isa = PBXResourcesBuildPhase;
			buildActionMask = 2147483647;
			files = (
				CE32F7E1266FF77700CC41A6 /* Assets.xcassets in Resources */,
				CE32F7E4266FF77700CC41A6 /* Main.storyboard in Resources */,
			);
			runOnlyForDeploymentPostprocessing = 0;
		};
		CE32F7E7266FF77800CC41A6 /* Resources */ = {
			isa = PBXResourcesBuildPhase;
			buildActionMask = 2147483647;
			files = (
			);
			runOnlyForDeploymentPostprocessing = 0;
		};
		CE32F7F1266FF77800CC41A6 /* Resources */ = {
			isa = PBXResourcesBuildPhase;
			buildActionMask = 2147483647;
			files = (
			);
			runOnlyForDeploymentPostprocessing = 0;
		};
		CE32F81A2670319300CC41A6 /* Resources */ = {
			isa = PBXResourcesBuildPhase;
			buildActionMask = 2147483647;
			files = (
				CE32F82B2670319400CC41A6 /* LaunchScreen.storyboard in Resources */,
				CE32F8282670319400CC41A6 /* Assets.xcassets in Resources */,
				CE32F8262670319300CC41A6 /* Main.storyboard in Resources */,
			);
			runOnlyForDeploymentPostprocessing = 0;
		};
		CE32F82F2670319400CC41A6 /* Resources */ = {
			isa = PBXResourcesBuildPhase;
			buildActionMask = 2147483647;
			files = (
			);
			runOnlyForDeploymentPostprocessing = 0;
		};
		CE32F8392670319500CC41A6 /* Resources */ = {
			isa = PBXResourcesBuildPhase;
			buildActionMask = 2147483647;
			files = (
			);
			runOnlyForDeploymentPostprocessing = 0;
		};
/* End PBXResourcesBuildPhase section */

/* Begin PBXSourcesBuildPhase section */
		CE32F7D5266FF77600CC41A6 /* Sources */ = {
			isa = PBXSourcesBuildPhase;
			buildActionMask = 2147483647;
			files = (
				CE32F8532670332700CC41A6 /* VCProtocol.swift in Sources */,
				CE431D602670400600569539 /* MovieRedirector.swift in Sources */,
				CE32F850267032DF00CC41A6 /* NicoVideoWatchingActivity.swift in Sources */,
				CE32F80E2670119B00CC41A6 /* NicoUtils.swift in Sources */,
				CE32F7DF266FF77600CC41A6 /* ViewController.swift in Sources */,
				CE32F7DD266FF77600CC41A6 /* AppDelegate.swift in Sources */,
				CE32F8172670213E00CC41A6 /* SubclassedAVPlayerView.swift in Sources */,
			);
			runOnlyForDeploymentPostprocessing = 0;
		};
		CE32F7E5266FF77800CC41A6 /* Sources */ = {
			isa = PBXSourcesBuildPhase;
			buildActionMask = 2147483647;
			files = (
				CE32F7EE266FF77800CC41A6 /* SmileTogetherTests.swift in Sources */,
			);
			runOnlyForDeploymentPostprocessing = 0;
		};
		CE32F7EF266FF77800CC41A6 /* Sources */ = {
			isa = PBXSourcesBuildPhase;
			buildActionMask = 2147483647;
			files = (
				CE32F7F8266FF77800CC41A6 /* SmileTogetherUITests.swift in Sources */,
			);
			runOnlyForDeploymentPostprocessing = 0;
		};
		CE32F8182670319300CC41A6 /* Sources */ = {
			isa = PBXSourcesBuildPhase;
			buildActionMask = 2147483647;
			files = (
				CE32F8232670319300CC41A6 /* ViewController.swift in Sources */,
				CE32F84C2670325C00CC41A6 /* SubclassedAVPlayerViewController.swift in Sources */,
				CE32F81F2670319300CC41A6 /* AppDelegate.swift in Sources */,
				CE431D612670400600569539 /* MovieRedirector.swift in Sources */,
				CE32F8522670330700CC41A6 /* VCProtocol.swift in Sources */,
				CE32F84D267032AD00CC41A6 /* NicoUtils.swift in Sources */,
				CE32F84F267032DD00CC41A6 /* NicoVideoWatchingActivity.swift in Sources */,
				CE32F8212670319300CC41A6 /* SceneDelegate.swift in Sources */,
			);
			runOnlyForDeploymentPostprocessing = 0;
		};
		CE32F82D2670319400CC41A6 /* Sources */ = {
			isa = PBXSourcesBuildPhase;
			buildActionMask = 2147483647;
			files = (
				CE32F8362670319400CC41A6 /* SmileTogetherMobileTests.swift in Sources */,
			);
			runOnlyForDeploymentPostprocessing = 0;
		};
		CE32F8372670319500CC41A6 /* Sources */ = {
			isa = PBXSourcesBuildPhase;
			buildActionMask = 2147483647;
			files = (
				CE32F8402670319500CC41A6 /* SmileTogetherMobileUITests.swift in Sources */,
			);
			runOnlyForDeploymentPostprocessing = 0;
		};
/* End PBXSourcesBuildPhase section */

/* Begin PBXTargetDependency section */
		CE32F7EB266FF77800CC41A6 /* PBXTargetDependency */ = {
			isa = PBXTargetDependency;
			target = CE32F7D8266FF77600CC41A6 /* SmileTogether */;
			targetProxy = CE32F7EA266FF77800CC41A6 /* PBXContainerItemProxy */;
		};
		CE32F7F5266FF77800CC41A6 /* PBXTargetDependency */ = {
			isa = PBXTargetDependency;
			target = CE32F7D8266FF77600CC41A6 /* SmileTogether */;
			targetProxy = CE32F7F4266FF77800CC41A6 /* PBXContainerItemProxy */;
		};
		CE32F8332670319400CC41A6 /* PBXTargetDependency */ = {
			isa = PBXTargetDependency;
			target = CE32F81B2670319300CC41A6 /* SmileTogetherMobile */;
			targetProxy = CE32F8322670319400CC41A6 /* PBXContainerItemProxy */;
		};
		CE32F83D2670319500CC41A6 /* PBXTargetDependency */ = {
			isa = PBXTargetDependency;
			target = CE32F81B2670319300CC41A6 /* SmileTogetherMobile */;
			targetProxy = CE32F83C2670319500CC41A6 /* PBXContainerItemProxy */;
		};
/* End PBXTargetDependency section */

/* Begin PBXVariantGroup section */
		CE32F7E2266FF77700CC41A6 /* Main.storyboard */ = {
			isa = PBXVariantGroup;
			children = (
				CE32F7E3266FF77700CC41A6 /* Base */,
			);
			name = Main.storyboard;
			sourceTree = "<group>";
		};
		CE32F8242670319300CC41A6 /* Main.storyboard */ = {
			isa = PBXVariantGroup;
			children = (
				CE32F8252670319300CC41A6 /* Base */,
			);
			name = Main.storyboard;
			sourceTree = "<group>";
		};
		CE32F8292670319400CC41A6 /* LaunchScreen.storyboard */ = {
			isa = PBXVariantGroup;
			children = (
				CE32F82A2670319400CC41A6 /* Base */,
			);
			name = LaunchScreen.storyboard;
			sourceTree = "<group>";
		};
/* End PBXVariantGroup section */

/* Begin XCBuildConfiguration section */
		CE32F7F9266FF77800CC41A6 /* Debug */ = {
			isa = XCBuildConfiguration;
			buildSettings = {
				ALWAYS_SEARCH_USER_PATHS = NO;
				CLANG_ANALYZER_NONNULL = YES;
				CLANG_ANALYZER_NUMBER_OBJECT_CONVERSION = YES_AGGRESSIVE;
				CLANG_CXX_LANGUAGE_STANDARD = "gnu++14";
				CLANG_CXX_LIBRARY = "libc++";
				CLANG_ENABLE_MODULES = YES;
				CLANG_ENABLE_OBJC_ARC = YES;
				CLANG_ENABLE_OBJC_WEAK = YES;
				CLANG_WARN_BLOCK_CAPTURE_AUTORELEASING = YES;
				CLANG_WARN_BOOL_CONVERSION = YES;
				CLANG_WARN_COMMA = YES;
				CLANG_WARN_CONSTANT_CONVERSION = YES;
				CLANG_WARN_DEPRECATED_OBJC_IMPLEMENTATIONS = YES;
				CLANG_WARN_DIRECT_OBJC_ISA_USAGE = YES_ERROR;
				CLANG_WARN_DOCUMENTATION_COMMENTS = YES;
				CLANG_WARN_EMPTY_BODY = YES;
				CLANG_WARN_ENUM_CONVERSION = YES;
				CLANG_WARN_INFINITE_RECURSION = YES;
				CLANG_WARN_INT_CONVERSION = YES;
				CLANG_WARN_NON_LITERAL_NULL_CONVERSION = YES;
				CLANG_WARN_OBJC_IMPLICIT_RETAIN_SELF = YES;
				CLANG_WARN_OBJC_LITERAL_CONVERSION = YES;
				CLANG_WARN_OBJC_ROOT_CLASS = YES_ERROR;
				CLANG_WARN_QUOTED_INCLUDE_IN_FRAMEWORK_HEADER = YES;
				CLANG_WARN_RANGE_LOOP_ANALYSIS = YES;
				CLANG_WARN_STRICT_PROTOTYPES = YES;
				CLANG_WARN_SUSPICIOUS_MOVE = YES;
				CLANG_WARN_UNGUARDED_AVAILABILITY = YES_AGGRESSIVE;
				CLANG_WARN_UNREACHABLE_CODE = YES;
				CLANG_WARN__DUPLICATE_METHOD_MATCH = YES;
				COPY_PHASE_STRIP = NO;
				DEBUG_INFORMATION_FORMAT = dwarf;
				ENABLE_STRICT_OBJC_MSGSEND = YES;
				ENABLE_TESTABILITY = YES;
				GCC_C_LANGUAGE_STANDARD = gnu11;
				GCC_DYNAMIC_NO_PIC = NO;
				GCC_NO_COMMON_BLOCKS = YES;
				GCC_OPTIMIZATION_LEVEL = 0;
				GCC_PREPROCESSOR_DEFINITIONS = (
					"DEBUG=1",
					"$(inherited)",
				);
				GCC_WARN_64_TO_32_BIT_CONVERSION = YES;
				GCC_WARN_ABOUT_RETURN_TYPE = YES_ERROR;
				GCC_WARN_UNDECLARED_SELECTOR = YES;
				GCC_WARN_UNINITIALIZED_AUTOS = YES_AGGRESSIVE;
				GCC_WARN_UNUSED_FUNCTION = YES;
				GCC_WARN_UNUSED_VARIABLE = YES;
				MACOSX_DEPLOYMENT_TARGET = 12.0;
				MTL_ENABLE_DEBUG_INFO = INCLUDE_SOURCE;
				MTL_FAST_MATH = YES;
				ONLY_ACTIVE_ARCH = YES;
				SDKROOT = macosx;
				SWIFT_ACTIVE_COMPILATION_CONDITIONS = DEBUG;
				SWIFT_OPTIMIZATION_LEVEL = "-Onone";
			};
			name = Debug;
		};
		CE32F7FA266FF77800CC41A6 /* Release */ = {
			isa = XCBuildConfiguration;
			buildSettings = {
				ALWAYS_SEARCH_USER_PATHS = NO;
				CLANG_ANALYZER_NONNULL = YES;
				CLANG_ANALYZER_NUMBER_OBJECT_CONVERSION = YES_AGGRESSIVE;
				CLANG_CXX_LANGUAGE_STANDARD = "gnu++14";
				CLANG_CXX_LIBRARY = "libc++";
				CLANG_ENABLE_MODULES = YES;
				CLANG_ENABLE_OBJC_ARC = YES;
				CLANG_ENABLE_OBJC_WEAK = YES;
				CLANG_WARN_BLOCK_CAPTURE_AUTORELEASING = YES;
				CLANG_WARN_BOOL_CONVERSION = YES;
				CLANG_WARN_COMMA = YES;
				CLANG_WARN_CONSTANT_CONVERSION = YES;
				CLANG_WARN_DEPRECATED_OBJC_IMPLEMENTATIONS = YES;
				CLANG_WARN_DIRECT_OBJC_ISA_USAGE = YES_ERROR;
				CLANG_WARN_DOCUMENTATION_COMMENTS = YES;
				CLANG_WARN_EMPTY_BODY = YES;
				CLANG_WARN_ENUM_CONVERSION = YES;
				CLANG_WARN_INFINITE_RECURSION = YES;
				CLANG_WARN_INT_CONVERSION = YES;
				CLANG_WARN_NON_LITERAL_NULL_CONVERSION = YES;
				CLANG_WARN_OBJC_IMPLICIT_RETAIN_SELF = YES;
				CLANG_WARN_OBJC_LITERAL_CONVERSION = YES;
				CLANG_WARN_OBJC_ROOT_CLASS = YES_ERROR;
				CLANG_WARN_QUOTED_INCLUDE_IN_FRAMEWORK_HEADER = YES;
				CLANG_WARN_RANGE_LOOP_ANALYSIS = YES;
				CLANG_WARN_STRICT_PROTOTYPES = YES;
				CLANG_WARN_SUSPICIOUS_MOVE = YES;
				CLANG_WARN_UNGUARDED_AVAILABILITY = YES_AGGRESSIVE;
				CLANG_WARN_UNREACHABLE_CODE = YES;
				CLANG_WARN__DUPLICATE_METHOD_MATCH = YES;
				COPY_PHASE_STRIP = NO;
				DEBUG_INFORMATION_FORMAT = "dwarf-with-dsym";
				ENABLE_NS_ASSERTIONS = NO;
				ENABLE_STRICT_OBJC_MSGSEND = YES;
				GCC_C_LANGUAGE_STANDARD = gnu11;
				GCC_NO_COMMON_BLOCKS = YES;
				GCC_WARN_64_TO_32_BIT_CONVERSION = YES;
				GCC_WARN_ABOUT_RETURN_TYPE = YES_ERROR;
				GCC_WARN_UNDECLARED_SELECTOR = YES;
				GCC_WARN_UNINITIALIZED_AUTOS = YES_AGGRESSIVE;
				GCC_WARN_UNUSED_FUNCTION = YES;
				GCC_WARN_UNUSED_VARIABLE = YES;
				MACOSX_DEPLOYMENT_TARGET = 12.0;
				MTL_ENABLE_DEBUG_INFO = NO;
				MTL_FAST_MATH = YES;
				SDKROOT = macosx;
				SWIFT_COMPILATION_MODE = wholemodule;
				SWIFT_OPTIMIZATION_LEVEL = "-O";
			};
			name = Release;
		};
		CE32F7FC266FF77800CC41A6 /* Debug */ = {
			isa = XCBuildConfiguration;
			buildSettings = {
				ASSETCATALOG_COMPILER_APPICON_NAME = AppIcon;
				ASSETCATALOG_COMPILER_GLOBAL_ACCENT_COLOR_NAME = AccentColor;
				CODE_SIGN_ENTITLEMENTS = SmileTogether/SmileTogether.entitlements;
				CODE_SIGN_STYLE = Automatic;
				COMBINE_HIDPI_IMAGES = YES;
				CURRENT_PROJECT_VERSION = 1;
				DEVELOPMENT_TEAM = 4XKKKM86RN;
				ENABLE_APP_SANDBOX = YES;
				ENABLE_HARDENED_RUNTIME = YES;
				ENABLE_USER_SELECTED_FILES = readonly;
				GENERATE_INFOPLIST_FILE = YES;
				INFOPLIST_KEY_CFBundleExecutable = SmileTogether;
				INFOPLIST_KEY_CFBundleName = SmileTogether;
				INFOPLIST_KEY_CFBundleVersion = 1;
				INFOPLIST_KEY_NSHumanReadableCopyright = "";
				INFOPLIST_KEY_NSMainStoryboardFile = Main;
				INFOPLIST_KEY_NSPrincipalClass = NSApplication;
				LD_RUNPATH_SEARCH_PATHS = (
					"$(inherited)",
					"@executable_path/../Frameworks",
				);
				MARKETING_VERSION = 1.0;
				PRODUCT_BUNDLE_IDENTIFIER = net.rinsuki.apps.SmileTogether;
				PRODUCT_NAME = "$(TARGET_NAME)";
				SWIFT_EMIT_LOC_STRINGS = YES;
				SWIFT_VERSION = 5.0;
			};
			name = Debug;
		};
		CE32F7FD266FF77800CC41A6 /* Release */ = {
			isa = XCBuildConfiguration;
			buildSettings = {
				ASSETCATALOG_COMPILER_APPICON_NAME = AppIcon;
				ASSETCATALOG_COMPILER_GLOBAL_ACCENT_COLOR_NAME = AccentColor;
				CODE_SIGN_ENTITLEMENTS = SmileTogether/SmileTogether.entitlements;
				CODE_SIGN_STYLE = Automatic;
				COMBINE_HIDPI_IMAGES = YES;
				CURRENT_PROJECT_VERSION = 1;
				DEVELOPMENT_TEAM = 4XKKKM86RN;
				ENABLE_APP_SANDBOX = YES;
				ENABLE_HARDENED_RUNTIME = YES;
				ENABLE_USER_SELECTED_FILES = readonly;
				GENERATE_INFOPLIST_FILE = YES;
				INFOPLIST_KEY_CFBundleExecutable = SmileTogether;
				INFOPLIST_KEY_CFBundleName = SmileTogether;
				INFOPLIST_KEY_CFBundleVersion = 1;
				INFOPLIST_KEY_NSHumanReadableCopyright = "";
				INFOPLIST_KEY_NSMainStoryboardFile = Main;
				INFOPLIST_KEY_NSPrincipalClass = NSApplication;
				LD_RUNPATH_SEARCH_PATHS = (
					"$(inherited)",
					"@executable_path/../Frameworks",
				);
				MARKETING_VERSION = 1.0;
				PRODUCT_BUNDLE_IDENTIFIER = net.rinsuki.apps.SmileTogether;
				PRODUCT_NAME = "$(TARGET_NAME)";
				SWIFT_EMIT_LOC_STRINGS = YES;
				SWIFT_VERSION = 5.0;
			};
			name = Release;
		};
		CE32F7FF266FF77800CC41A6 /* Debug */ = {
			isa = XCBuildConfiguration;
			buildSettings = {
				ALWAYS_EMBED_SWIFT_STANDARD_LIBRARIES = YES;
				BUNDLE_LOADER = "$(TEST_HOST)";
				CODE_SIGN_STYLE = Automatic;
				COMBINE_HIDPI_IMAGES = YES;
				CURRENT_PROJECT_VERSION = 1;
				DEVELOPMENT_TEAM = 4XKKKM86RN;
				GENERATE_INFOPLIST_FILE = YES;
				LD_RUNPATH_SEARCH_PATHS = (
					"$(inherited)",
					"@executable_path/../Frameworks",
					"@loader_path/../Frameworks",
				);
				MACOSX_DEPLOYMENT_TARGET = 12.0;
				MARKETING_VERSION = 1.0;
				PRODUCT_BUNDLE_IDENTIFIER = net.rinsuki.apps.SmileTogetherTests;
				PRODUCT_NAME = "$(TARGET_NAME)";
				SWIFT_EMIT_LOC_STRINGS = NO;
				SWIFT_VERSION = 5.0;
				TEST_HOST = "$(BUILT_PRODUCTS_DIR)/SmileTogether.app/Contents/MacOS/SmileTogether";
			};
			name = Debug;
		};
		CE32F800266FF77800CC41A6 /* Release */ = {
			isa = XCBuildConfiguration;
			buildSettings = {
				ALWAYS_EMBED_SWIFT_STANDARD_LIBRARIES = YES;
				BUNDLE_LOADER = "$(TEST_HOST)";
				CODE_SIGN_STYLE = Automatic;
				COMBINE_HIDPI_IMAGES = YES;
				CURRENT_PROJECT_VERSION = 1;
				DEVELOPMENT_TEAM = 4XKKKM86RN;
				GENERATE_INFOPLIST_FILE = YES;
				LD_RUNPATH_SEARCH_PATHS = (
					"$(inherited)",
					"@executable_path/../Frameworks",
					"@loader_path/../Frameworks",
				);
				MACOSX_DEPLOYMENT_TARGET = 12.0;
				MARKETING_VERSION = 1.0;
				PRODUCT_BUNDLE_IDENTIFIER = net.rinsuki.apps.SmileTogetherTests;
				PRODUCT_NAME = "$(TARGET_NAME)";
				SWIFT_EMIT_LOC_STRINGS = NO;
				SWIFT_VERSION = 5.0;
				TEST_HOST = "$(BUILT_PRODUCTS_DIR)/SmileTogether.app/Contents/MacOS/SmileTogether";
			};
			name = Release;
		};
		CE32F802266FF77800CC41A6 /* Debug */ = {
			isa = XCBuildConfiguration;
			buildSettings = {
				ALWAYS_EMBED_SWIFT_STANDARD_LIBRARIES = YES;
				CODE_SIGN_STYLE = Automatic;
				COMBINE_HIDPI_IMAGES = YES;
				CURRENT_PROJECT_VERSION = 1;
				DEVELOPMENT_TEAM = 4XKKKM86RN;
				GENERATE_INFOPLIST_FILE = YES;
				LD_RUNPATH_SEARCH_PATHS = (
					"$(inherited)",
					"@executable_path/../Frameworks",
					"@loader_path/../Frameworks",
				);
				MARKETING_VERSION = 1.0;
				PRODUCT_BUNDLE_IDENTIFIER = net.rinsuki.apps.SmileTogetherUITests;
				PRODUCT_NAME = "$(TARGET_NAME)";
				SWIFT_EMIT_LOC_STRINGS = NO;
				SWIFT_VERSION = 5.0;
				TEST_TARGET_NAME = SmileTogether;
			};
			name = Debug;
		};
		CE32F803266FF77800CC41A6 /* Release */ = {
			isa = XCBuildConfiguration;
			buildSettings = {
				ALWAYS_EMBED_SWIFT_STANDARD_LIBRARIES = YES;
				CODE_SIGN_STYLE = Automatic;
				COMBINE_HIDPI_IMAGES = YES;
				CURRENT_PROJECT_VERSION = 1;
				DEVELOPMENT_TEAM = 4XKKKM86RN;
				GENERATE_INFOPLIST_FILE = YES;
				LD_RUNPATH_SEARCH_PATHS = (
					"$(inherited)",
					"@executable_path/../Frameworks",
					"@loader_path/../Frameworks",
				);
				MARKETING_VERSION = 1.0;
				PRODUCT_BUNDLE_IDENTIFIER = net.rinsuki.apps.SmileTogetherUITests;
				PRODUCT_NAME = "$(TARGET_NAME)";
				SWIFT_EMIT_LOC_STRINGS = NO;
				SWIFT_VERSION = 5.0;
				TEST_TARGET_NAME = SmileTogether;
			};
			name = Release;
		};
		CE32F8422670319500CC41A6 /* Debug */ = {
			isa = XCBuildConfiguration;
			buildSettings = {
				ASSETCATALOG_COMPILER_APPICON_NAME = AppIcon;
				ASSETCATALOG_COMPILER_GLOBAL_ACCENT_COLOR_NAME = AccentColor;
				CODE_SIGN_ENTITLEMENTS = SmileTogetherMobile/SmileTogetherMobile.entitlements;
				CODE_SIGN_STYLE = Automatic;
				CURRENT_PROJECT_VERSION = 1;
				DEVELOPMENT_TEAM = 4XKKKM86RN;
				GENERATE_INFOPLIST_FILE = YES;
				INFOPLIST_FILE = SmileTogetherMobile/Info.plist;
				INFOPLIST_KEY_CFBundleDisplayName = SmileTogether;
				INFOPLIST_KEY_CFBundleExecutable = SmileTogetherMobile;
				INFOPLIST_KEY_CFBundleName = SmileTogetherMobile;
				INFOPLIST_KEY_CFBundleVersion = 1;
				INFOPLIST_KEY_UIApplicationSupportsIndirectInputEvents = YES;
				INFOPLIST_KEY_UILaunchStoryboardName = LaunchScreen;
				INFOPLIST_KEY_UIMainStoryboardFile = Main;
				INFOPLIST_KEY_UISupportedInterfaceOrientations_iPad = "UIInterfaceOrientationPortrait UIInterfaceOrientationPortraitUpsideDown UIInterfaceOrientationLandscapeLeft UIInterfaceOrientationLandscapeRight";
				INFOPLIST_KEY_UISupportedInterfaceOrientations_iPhone = "UIInterfaceOrientationPortrait UIInterfaceOrientationLandscapeLeft UIInterfaceOrientationLandscapeRight";
				IPHONEOS_DEPLOYMENT_TARGET = 15.0;
				LD_RUNPATH_SEARCH_PATHS = (
					"$(inherited)",
					"@executable_path/Frameworks",
				);
				MARKETING_VERSION = 1.0;
				PRODUCT_BUNDLE_IDENTIFIER = net.rinsuki.apps.SmileTogether;
				PRODUCT_NAME = "$(TARGET_NAME)";
				SDKROOT = iphoneos;
				SWIFT_EMIT_LOC_STRINGS = YES;
				SWIFT_VERSION = 5.0;
				TARGETED_DEVICE_FAMILY = "1,2";
			};
			name = Debug;
		};
		CE32F8432670319500CC41A6 /* Release */ = {
			isa = XCBuildConfiguration;
			buildSettings = {
				ASSETCATALOG_COMPILER_APPICON_NAME = AppIcon;
				ASSETCATALOG_COMPILER_GLOBAL_ACCENT_COLOR_NAME = AccentColor;
				CODE_SIGN_ENTITLEMENTS = SmileTogetherMobile/SmileTogetherMobile.entitlements;
				CODE_SIGN_STYLE = Automatic;
				CURRENT_PROJECT_VERSION = 1;
				DEVELOPMENT_TEAM = 4XKKKM86RN;
				GENERATE_INFOPLIST_FILE = YES;
				INFOPLIST_FILE = SmileTogetherMobile/Info.plist;
				INFOPLIST_KEY_CFBundleDisplayName = SmileTogether;
				INFOPLIST_KEY_CFBundleExecutable = SmileTogetherMobile;
				INFOPLIST_KEY_CFBundleName = SmileTogetherMobile;
				INFOPLIST_KEY_CFBundleVersion = 1;
				INFOPLIST_KEY_UIApplicationSupportsIndirectInputEvents = YES;
				INFOPLIST_KEY_UILaunchStoryboardName = LaunchScreen;
				INFOPLIST_KEY_UIMainStoryboardFile = Main;
				INFOPLIST_KEY_UISupportedInterfaceOrientations_iPad = "UIInterfaceOrientationPortrait UIInterfaceOrientationPortraitUpsideDown UIInterfaceOrientationLandscapeLeft UIInterfaceOrientationLandscapeRight";
				INFOPLIST_KEY_UISupportedInterfaceOrientations_iPhone = "UIInterfaceOrientationPortrait UIInterfaceOrientationLandscapeLeft UIInterfaceOrientationLandscapeRight";
				IPHONEOS_DEPLOYMENT_TARGET = 15.0;
				LD_RUNPATH_SEARCH_PATHS = (
					"$(inherited)",
					"@executable_path/Frameworks",
				);
				MARKETING_VERSION = 1.0;
				PRODUCT_BUNDLE_IDENTIFIER = net.rinsuki.apps.SmileTogether;
				PRODUCT_NAME = "$(TARGET_NAME)";
				SDKROOT = iphoneos;
				SWIFT_EMIT_LOC_STRINGS = YES;
				SWIFT_VERSION = 5.0;
				TARGETED_DEVICE_FAMILY = "1,2";
				VALIDATE_PRODUCT = YES;
			};
			name = Release;
		};
		CE32F8452670319500CC41A6 /* Debug */ = {
			isa = XCBuildConfiguration;
			buildSettings = {
				ALWAYS_EMBED_SWIFT_STANDARD_LIBRARIES = YES;
				BUNDLE_LOADER = "$(TEST_HOST)";
				CODE_SIGN_STYLE = Automatic;
				CURRENT_PROJECT_VERSION = 1;
				DEVELOPMENT_TEAM = 4XKKKM86RN;
				GENERATE_INFOPLIST_FILE = YES;
				IPHONEOS_DEPLOYMENT_TARGET = 15.0;
				LD_RUNPATH_SEARCH_PATHS = (
					"$(inherited)",
					"@executable_path/Frameworks",
					"@loader_path/Frameworks",
				);
				MARKETING_VERSION = 1.0;
				PRODUCT_BUNDLE_IDENTIFIER = net.rinsuki.apps.SmileTogetherMobileTests;
				PRODUCT_NAME = "$(TARGET_NAME)";
				SDKROOT = iphoneos;
				SWIFT_EMIT_LOC_STRINGS = NO;
				SWIFT_VERSION = 5.0;
				TARGETED_DEVICE_FAMILY = "1,2";
				TEST_HOST = "$(BUILT_PRODUCTS_DIR)/SmileTogetherMobile.app/SmileTogetherMobile";
			};
			name = Debug;
		};
		CE32F8462670319500CC41A6 /* Release */ = {
			isa = XCBuildConfiguration;
			buildSettings = {
				ALWAYS_EMBED_SWIFT_STANDARD_LIBRARIES = YES;
				BUNDLE_LOADER = "$(TEST_HOST)";
				CODE_SIGN_STYLE = Automatic;
				CURRENT_PROJECT_VERSION = 1;
				DEVELOPMENT_TEAM = 4XKKKM86RN;
				GENERATE_INFOPLIST_FILE = YES;
				IPHONEOS_DEPLOYMENT_TARGET = 15.0;
				LD_RUNPATH_SEARCH_PATHS = (
					"$(inherited)",
					"@executable_path/Frameworks",
					"@loader_path/Frameworks",
				);
				MARKETING_VERSION = 1.0;
				PRODUCT_BUNDLE_IDENTIFIER = net.rinsuki.apps.SmileTogetherMobileTests;
				PRODUCT_NAME = "$(TARGET_NAME)";
				SDKROOT = iphoneos;
				SWIFT_EMIT_LOC_STRINGS = NO;
				SWIFT_VERSION = 5.0;
				TARGETED_DEVICE_FAMILY = "1,2";
				TEST_HOST = "$(BUILT_PRODUCTS_DIR)/SmileTogetherMobile.app/SmileTogetherMobile";
				VALIDATE_PRODUCT = YES;
			};
			name = Release;
		};
		CE32F8482670319500CC41A6 /* Debug */ = {
			isa = XCBuildConfiguration;
			buildSettings = {
				ALWAYS_EMBED_SWIFT_STANDARD_LIBRARIES = YES;
				CODE_SIGN_STYLE = Automatic;
				CURRENT_PROJECT_VERSION = 1;
				DEVELOPMENT_TEAM = 4XKKKM86RN;
				GENERATE_INFOPLIST_FILE = YES;
				IPHONEOS_DEPLOYMENT_TARGET = 15.0;
				LD_RUNPATH_SEARCH_PATHS = (
					"$(inherited)",
					"@executable_path/Frameworks",
					"@loader_path/Frameworks",
				);
				MARKETING_VERSION = 1.0;
				PRODUCT_BUNDLE_IDENTIFIER = net.rinsuki.apps.SmileTogetherMobileUITests;
				PRODUCT_NAME = "$(TARGET_NAME)";
				SDKROOT = iphoneos;
				SWIFT_EMIT_LOC_STRINGS = NO;
				SWIFT_VERSION = 5.0;
				TARGETED_DEVICE_FAMILY = "1,2";
				TEST_TARGET_NAME = SmileTogetherMobile;
			};
			name = Debug;
		};
		CE32F8492670319500CC41A6 /* Release */ = {
			isa = XCBuildConfiguration;
			buildSettings = {
				ALWAYS_EMBED_SWIFT_STANDARD_LIBRARIES = YES;
				CODE_SIGN_STYLE = Automatic;
				CURRENT_PROJECT_VERSION = 1;
				DEVELOPMENT_TEAM = 4XKKKM86RN;
				GENERATE_INFOPLIST_FILE = YES;
				IPHONEOS_DEPLOYMENT_TARGET = 15.0;
				LD_RUNPATH_SEARCH_PATHS = (
					"$(inherited)",
					"@executable_path/Frameworks",
					"@loader_path/Frameworks",
				);
				MARKETING_VERSION = 1.0;
				PRODUCT_BUNDLE_IDENTIFIER = net.rinsuki.apps.SmileTogetherMobileUITests;
				PRODUCT_NAME = "$(TARGET_NAME)";
				SDKROOT = iphoneos;
				SWIFT_EMIT_LOC_STRINGS = NO;
				SWIFT_VERSION = 5.0;
				TARGETED_DEVICE_FAMILY = "1,2";
				TEST_TARGET_NAME = SmileTogetherMobile;
				VALIDATE_PRODUCT = YES;
			};
			name = Release;
		};
/* End XCBuildConfiguration section */

/* Begin XCConfigurationList section */
		CE32F7D4266FF77600CC41A6 /* Build configuration list for PBXProject "SmileTogether" */ = {
			isa = XCConfigurationList;
			buildConfigurations = (
				CE32F7F9266FF77800CC41A6 /* Debug */,
				CE32F7FA266FF77800CC41A6 /* Release */,
			);
			defaultConfigurationIsVisible = 0;
			defaultConfigurationName = Release;
		};
		CE32F7FB266FF77800CC41A6 /* Build configuration list for PBXNativeTarget "SmileTogether" */ = {
			isa = XCConfigurationList;
			buildConfigurations = (
				CE32F7FC266FF77800CC41A6 /* Debug */,
				CE32F7FD266FF77800CC41A6 /* Release */,
			);
			defaultConfigurationIsVisible = 0;
			defaultConfigurationName = Release;
		};
		CE32F7FE266FF77800CC41A6 /* Build configuration list for PBXNativeTarget "SmileTogetherTests" */ = {
			isa = XCConfigurationList;
			buildConfigurations = (
				CE32F7FF266FF77800CC41A6 /* Debug */,
				CE32F800266FF77800CC41A6 /* Release */,
			);
			defaultConfigurationIsVisible = 0;
			defaultConfigurationName = Release;
		};
		CE32F801266FF77800CC41A6 /* Build configuration list for PBXNativeTarget "SmileTogetherUITests" */ = {
			isa = XCConfigurationList;
			buildConfigurations = (
				CE32F802266FF77800CC41A6 /* Debug */,
				CE32F803266FF77800CC41A6 /* Release */,
			);
			defaultConfigurationIsVisible = 0;
			defaultConfigurationName = Release;
		};
		CE32F8412670319500CC41A6 /* Build configuration list for PBXNativeTarget "SmileTogetherMobile" */ = {
			isa = XCConfigurationList;
			buildConfigurations = (
				CE32F8422670319500CC41A6 /* Debug */,
				CE32F8432670319500CC41A6 /* Release */,
			);
			defaultConfigurationIsVisible = 0;
			defaultConfigurationName = Release;
		};
		CE32F8442670319500CC41A6 /* Build configuration list for PBXNativeTarget "SmileTogetherMobileTests" */ = {
			isa = XCConfigurationList;
			buildConfigurations = (
				CE32F8452670319500CC41A6 /* Debug */,
				CE32F8462670319500CC41A6 /* Release */,
			);
			defaultConfigurationIsVisible = 0;
			defaultConfigurationName = Release;
		};
		CE32F8472670319500CC41A6 /* Build configuration list for PBXNativeTarget "SmileTogetherMobileUITests" */ = {
			isa = XCConfigurationList;
			buildConfigurations = (
				CE32F8482670319500CC41A6 /* Debug */,
				CE32F8492670319500CC41A6 /* Release */,
			);
			defaultConfigurationIsVisible = 0;
			defaultConfigurationName = Release;
		};
/* End XCConfigurationList section */

/* Begin XCRemoteSwiftPackageReference section */
		CE32F804266FFA5400CC41A6 /* XCRemoteSwiftPackageReference "SwiftyJSON" */ = {
			isa = XCRemoteSwiftPackageReference;
			repositoryURL = "https://github.com/SwiftyJSON/SwiftyJSON";
			requirement = {
				kind = upToNextMajorVersion;
				minimumVersion = 5.0.0;
			};
		};
		CE32F80F2670199E00CC41A6 /* XCRemoteSwiftPackageReference "Regex" */ = {
			isa = XCRemoteSwiftPackageReference;
			repositoryURL = "https://github.com/sharplet/Regex";
			requirement = {
				kind = upToNextMajorVersion;
				minimumVersion = 2.1.1;
			};
		};
/* End XCRemoteSwiftPackageReference section */

/* Begin XCSwiftPackageProductDependency section */
		CE32F807266FFB1C00CC41A6 /* SwiftyJSON */ = {
			isa = XCSwiftPackageProductDependency;
			package = CE32F804266FFA5400CC41A6 /* XCRemoteSwiftPackageReference "SwiftyJSON" */;
			productName = SwiftyJSON;
		};
		CE32F8102670199E00CC41A6 /* Regex */ = {
			isa = XCSwiftPackageProductDependency;
			package = CE32F80F2670199E00CC41A6 /* XCRemoteSwiftPackageReference "Regex" */;
			productName = Regex;
		};
		CE32F8542670333E00CC41A6 /* SwiftyJSON */ = {
			isa = XCSwiftPackageProductDependency;
			package = CE32F804266FFA5400CC41A6 /* XCRemoteSwiftPackageReference "SwiftyJSON" */;
			productName = SwiftyJSON;
		};
/* End XCSwiftPackageProductDependency section */
	};
	rootObject = CE32F7D1266FF77600CC41A6 /* Project object */;
}
